
Microsoft Visual Studio Solution File, Format Version 12.00
# Visual Studio Version 17
VisualStudioVersion = 17.0.32112.339
MinimumVisualStudioVersion = 10.0.40219.1
Project("{8BC9CEB8-8B4A-11D0-8D11-00A0C91BC942}") = "TestProject", "TestProject\TestProject.vcxproj", "{10E2C058-EB10-4346-AF13-B0165C47DA6B}"
	ProjectSection(ProjectDependencies) = postProject
		{2C0E3B6B-EDE0-4CA2-915B-B41357598295} = {2C0E3B6B-EDE0-4CA2-915B-B41357598295}
	EndProjectSection
EndProject
Project("{8BC9CEB8-8B4A-11D0-8D11-00A0C91BC942}") = "EngineCore", "EngineCore\EngineCore.vcxproj", "{2C0E3B6B-EDE0-4CA2-915B-B41357598295}"
	ProjectSection(ProjectDependencies) = postProject
		{A5A862CA-E1E0-416E-8074-1A5ED8093E96} = {A5A862CA-E1E0-416E-8074-1A5ED8093E96}
	EndProjectSection
EndProject
Project("{8BC9CEB8-8B4A-11D0-8D11-00A0C91BC942}") = "SharedTypes", "SharedTypes\SharedTypes.vcxproj", "{A5A862CA-E1E0-416E-8074-1A5ED8093E96}"
EndProject
Project("{8BC9CEB8-8B4A-11D0-8D11-00A0C91BC942}") = "Editor", "Editor\Editor.vcxproj", "{C8595729-4D20-40FE-8A94-275B847457A4}"
	ProjectSection(ProjectDependencies) = postProject
		{10E2C058-EB10-4346-AF13-B0165C47DA6B} = {10E2C058-EB10-4346-AF13-B0165C47DA6B}
		{2C0E3B6B-EDE0-4CA2-915B-B41357598295} = {2C0E3B6B-EDE0-4CA2-915B-B41357598295}
		{A5A862CA-E1E0-416E-8074-1A5ED8093E96} = {A5A862CA-E1E0-416E-8074-1A5ED8093E96}
	EndProjectSection
EndProject
Global
	GlobalSection(SolutionConfigurationPlatforms) = preSolution
		Debug|Any CPU = Debug|Any CPU
		Debug|ARM = Debug|ARM
		Debug|ARM64 = Debug|ARM64
		Debug|x64 = Debug|x64
		Debug|x86 = Debug|x86
		DX11D|Any CPU = DX11D|Any CPU
		DX11D|ARM = DX11D|ARM
		DX11D|ARM64 = DX11D|ARM64
		DX11D|x64 = DX11D|x64
		DX11D|x86 = DX11D|x86
		DX12D|Any CPU = DX12D|Any CPU
		DX12D|ARM = DX12D|ARM
		DX12D|ARM64 = DX12D|ARM64
		DX12D|x64 = DX12D|x64
		DX12D|x86 = DX12D|x86
		Release|Any CPU = Release|Any CPU
		Release|ARM = Release|ARM
		Release|ARM64 = Release|ARM64
		Release|x64 = Release|x64
		Release|x86 = Release|x86
		VULKAND|Any CPU = VULKAND|Any CPU
		VULKAND|ARM = VULKAND|ARM
		VULKAND|ARM64 = VULKAND|ARM64
		VULKAND|x64 = VULKAND|x64
		VULKAND|x86 = VULKAND|x86
	EndGlobalSection
	GlobalSection(ProjectConfigurationPlatforms) = postSolution
		{10E2C058-EB10-4346-AF13-B0165C47DA6B}.Debug|Any CPU.ActiveCfg = Debug|x64
		{10E2C058-EB10-4346-AF13-B0165C47DA6B}.Debug|Any CPU.Build.0 = Debug|x64
		{10E2C058-EB10-4346-AF13-B0165C47DA6B}.Debug|ARM.ActiveCfg = Debug|x64
		{10E2C058-EB10-4346-AF13-B0165C47DA6B}.Debug|ARM.Build.0 = Debug|x64
		{10E2C058-EB10-4346-AF13-B0165C47DA6B}.Debug|ARM64.ActiveCfg = Debug|x64
		{10E2C058-EB10-4346-AF13-B0165C47DA6B}.Debug|ARM64.Build.0 = Debug|x64
		{10E2C058-EB10-4346-AF13-B0165C47DA6B}.Debug|x64.ActiveCfg = Debug|x64
		{10E2C058-EB10-4346-AF13-B0165C47DA6B}.Debug|x64.Build.0 = Debug|x64
		{10E2C058-EB10-4346-AF13-B0165C47DA6B}.Debug|x86.ActiveCfg = Debug|Win32
		{10E2C058-EB10-4346-AF13-B0165C47DA6B}.Debug|x86.Build.0 = Debug|Win32
		{10E2C058-EB10-4346-AF13-B0165C47DA6B}.DX11D|Any CPU.ActiveCfg = Debug|x64
		{10E2C058-EB10-4346-AF13-B0165C47DA6B}.DX11D|Any CPU.Build.0 = Debug|x64
		{10E2C058-EB10-4346-AF13-B0165C47DA6B}.DX11D|ARM.ActiveCfg = Debug|x64
		{10E2C058-EB10-4346-AF13-B0165C47DA6B}.DX11D|ARM.Build.0 = Debug|x64
		{10E2C058-EB10-4346-AF13-B0165C47DA6B}.DX11D|ARM64.ActiveCfg = Debug|x64
		{10E2C058-EB10-4346-AF13-B0165C47DA6B}.DX11D|ARM64.Build.0 = Debug|x64
		{10E2C058-EB10-4346-AF13-B0165C47DA6B}.DX11D|x64.ActiveCfg = Debug|x64
		{10E2C058-EB10-4346-AF13-B0165C47DA6B}.DX11D|x64.Build.0 = Debug|x64
		{10E2C058-EB10-4346-AF13-B0165C47DA6B}.DX11D|x86.ActiveCfg = Debug|Win32
		{10E2C058-EB10-4346-AF13-B0165C47DA6B}.DX11D|x86.Build.0 = Debug|Win32
		{10E2C058-EB10-4346-AF13-B0165C47DA6B}.DX12D|Any CPU.ActiveCfg = Debug|x64
		{10E2C058-EB10-4346-AF13-B0165C47DA6B}.DX12D|Any CPU.Build.0 = Debug|x64
		{10E2C058-EB10-4346-AF13-B0165C47DA6B}.DX12D|ARM.ActiveCfg = Debug|x64
		{10E2C058-EB10-4346-AF13-B0165C47DA6B}.DX12D|ARM.Build.0 = Debug|x64
		{10E2C058-EB10-4346-AF13-B0165C47DA6B}.DX12D|ARM64.ActiveCfg = Debug|x64
		{10E2C058-EB10-4346-AF13-B0165C47DA6B}.DX12D|ARM64.Build.0 = Debug|x64
		{10E2C058-EB10-4346-AF13-B0165C47DA6B}.DX12D|x64.ActiveCfg = Debug|x64
		{10E2C058-EB10-4346-AF13-B0165C47DA6B}.DX12D|x64.Build.0 = Debug|x64
		{10E2C058-EB10-4346-AF13-B0165C47DA6B}.DX12D|x86.ActiveCfg = Debug|Win32
		{10E2C058-EB10-4346-AF13-B0165C47DA6B}.DX12D|x86.Build.0 = Debug|Win32
		{10E2C058-EB10-4346-AF13-B0165C47DA6B}.Release|Any CPU.ActiveCfg = Release|x64
		{10E2C058-EB10-4346-AF13-B0165C47DA6B}.Release|Any CPU.Build.0 = Release|x64
		{10E2C058-EB10-4346-AF13-B0165C47DA6B}.Release|ARM.ActiveCfg = Release|x64
		{10E2C058-EB10-4346-AF13-B0165C47DA6B}.Release|ARM.Build.0 = Release|x64
		{10E2C058-EB10-4346-AF13-B0165C47DA6B}.Release|ARM64.ActiveCfg = Release|x64
		{10E2C058-EB10-4346-AF13-B0165C47DA6B}.Release|ARM64.Build.0 = Release|x64
		{10E2C058-EB10-4346-AF13-B0165C47DA6B}.Release|x64.ActiveCfg = Release|x64
		{10E2C058-EB10-4346-AF13-B0165C47DA6B}.Release|x64.Build.0 = Release|x64
		{10E2C058-EB10-4346-AF13-B0165C47DA6B}.Release|x86.ActiveCfg = Release|Win32
		{10E2C058-EB10-4346-AF13-B0165C47DA6B}.Release|x86.Build.0 = Release|Win32
		{10E2C058-EB10-4346-AF13-B0165C47DA6B}.VULKAND|Any CPU.ActiveCfg = Release|x64
		{10E2C058-EB10-4346-AF13-B0165C47DA6B}.VULKAND|Any CPU.Build.0 = Release|x64
		{10E2C058-EB10-4346-AF13-B0165C47DA6B}.VULKAND|ARM.ActiveCfg = Release|x64
		{10E2C058-EB10-4346-AF13-B0165C47DA6B}.VULKAND|ARM.Build.0 = Release|x64
		{10E2C058-EB10-4346-AF13-B0165C47DA6B}.VULKAND|ARM64.ActiveCfg = Release|x64
		{10E2C058-EB10-4346-AF13-B0165C47DA6B}.VULKAND|ARM64.Build.0 = Release|x64
		{10E2C058-EB10-4346-AF13-B0165C47DA6B}.VULKAND|x64.ActiveCfg = Release|x64
		{10E2C058-EB10-4346-AF13-B0165C47DA6B}.VULKAND|x64.Build.0 = Release|x64
		{10E2C058-EB10-4346-AF13-B0165C47DA6B}.VULKAND|x86.ActiveCfg = Release|Win32
		{10E2C058-EB10-4346-AF13-B0165C47DA6B}.VULKAND|x86.Build.0 = Release|Win32
		{2C0E3B6B-EDE0-4CA2-915B-B41357598295}.Debug|Any CPU.ActiveCfg = DX11D|x64
		{2C0E3B6B-EDE0-4CA2-915B-B41357598295}.Debug|Any CPU.Build.0 = DX11D|x64
		{2C0E3B6B-EDE0-4CA2-915B-B41357598295}.Debug|ARM.ActiveCfg = DX11D|x64
		{2C0E3B6B-EDE0-4CA2-915B-B41357598295}.Debug|ARM.Build.0 = DX11D|x64
		{2C0E3B6B-EDE0-4CA2-915B-B41357598295}.Debug|ARM64.ActiveCfg = DX11D|x64
		{2C0E3B6B-EDE0-4CA2-915B-B41357598295}.Debug|ARM64.Build.0 = DX11D|x64
		{2C0E3B6B-EDE0-4CA2-915B-B41357598295}.Debug|x64.ActiveCfg = DX11D|x64
		{2C0E3B6B-EDE0-4CA2-915B-B41357598295}.Debug|x64.Build.0 = DX11D|x64
		{2C0E3B6B-EDE0-4CA2-915B-B41357598295}.Debug|x86.ActiveCfg = DX11D|Win32
		{2C0E3B6B-EDE0-4CA2-915B-B41357598295}.Debug|x86.Build.0 = DX11D|Win32
		{2C0E3B6B-EDE0-4CA2-915B-B41357598295}.DX11D|Any CPU.ActiveCfg = DX11D|x64
		{2C0E3B6B-EDE0-4CA2-915B-B41357598295}.DX11D|Any CPU.Build.0 = DX11D|x64
		{2C0E3B6B-EDE0-4CA2-915B-B41357598295}.DX11D|ARM.ActiveCfg = DX11D|x64
		{2C0E3B6B-EDE0-4CA2-915B-B41357598295}.DX11D|ARM.Build.0 = DX11D|x64
		{2C0E3B6B-EDE0-4CA2-915B-B41357598295}.DX11D|ARM64.ActiveCfg = DX11D|x64
		{2C0E3B6B-EDE0-4CA2-915B-B41357598295}.DX11D|ARM64.Build.0 = DX11D|x64
		{2C0E3B6B-EDE0-4CA2-915B-B41357598295}.DX11D|x64.ActiveCfg = DX11D|x64
		{2C0E3B6B-EDE0-4CA2-915B-B41357598295}.DX11D|x64.Build.0 = DX11D|x64
		{2C0E3B6B-EDE0-4CA2-915B-B41357598295}.DX11D|x86.ActiveCfg = DX11D|Win32
		{2C0E3B6B-EDE0-4CA2-915B-B41357598295}.DX11D|x86.Build.0 = DX11D|Win32
		{2C0E3B6B-EDE0-4CA2-915B-B41357598295}.DX12D|Any CPU.ActiveCfg = DX12D|x64
		{2C0E3B6B-EDE0-4CA2-915B-B41357598295}.DX12D|Any CPU.Build.0 = DX12D|x64
		{2C0E3B6B-EDE0-4CA2-915B-B41357598295}.DX12D|ARM.ActiveCfg = DX11D|x64
		{2C0E3B6B-EDE0-4CA2-915B-B41357598295}.DX12D|ARM.Build.0 = DX11D|x64
		{2C0E3B6B-EDE0-4CA2-915B-B41357598295}.DX12D|ARM64.ActiveCfg = DX11D|x64
		{2C0E3B6B-EDE0-4CA2-915B-B41357598295}.DX12D|ARM64.Build.0 = DX11D|x64
		{2C0E3B6B-EDE0-4CA2-915B-B41357598295}.DX12D|x64.ActiveCfg = DX11D|x64
		{2C0E3B6B-EDE0-4CA2-915B-B41357598295}.DX12D|x64.Build.0 = DX11D|x64
		{2C0E3B6B-EDE0-4CA2-915B-B41357598295}.DX12D|x86.ActiveCfg = DX11D|Win32
		{2C0E3B6B-EDE0-4CA2-915B-B41357598295}.DX12D|x86.Build.0 = DX11D|Win32
		{2C0E3B6B-EDE0-4CA2-915B-B41357598295}.Release|Any CPU.ActiveCfg = Release|x64
		{2C0E3B6B-EDE0-4CA2-915B-B41357598295}.Release|Any CPU.Build.0 = Release|x64
		{2C0E3B6B-EDE0-4CA2-915B-B41357598295}.Release|ARM.ActiveCfg = Release|x64
		{2C0E3B6B-EDE0-4CA2-915B-B41357598295}.Release|ARM.Build.0 = Release|x64
		{2C0E3B6B-EDE0-4CA2-915B-B41357598295}.Release|ARM64.ActiveCfg = Release|x64
		{2C0E3B6B-EDE0-4CA2-915B-B41357598295}.Release|ARM64.Build.0 = Release|x64
		{2C0E3B6B-EDE0-4CA2-915B-B41357598295}.Release|x64.ActiveCfg = Release|x64
		{2C0E3B6B-EDE0-4CA2-915B-B41357598295}.Release|x64.Build.0 = Release|x64
		{2C0E3B6B-EDE0-4CA2-915B-B41357598295}.Release|x86.ActiveCfg = Release|Win32
		{2C0E3B6B-EDE0-4CA2-915B-B41357598295}.Release|x86.Build.0 = Release|Win32
		{2C0E3B6B-EDE0-4CA2-915B-B41357598295}.VULKAND|Any CPU.ActiveCfg = VulkanD|x64
		{2C0E3B6B-EDE0-4CA2-915B-B41357598295}.VULKAND|Any CPU.Build.0 = VulkanD|x64
		{2C0E3B6B-EDE0-4CA2-915B-B41357598295}.VULKAND|ARM.ActiveCfg = VulkanD|x64
		{2C0E3B6B-EDE0-4CA2-915B-B41357598295}.VULKAND|ARM.Build.0 = VulkanD|x64
		{2C0E3B6B-EDE0-4CA2-915B-B41357598295}.VULKAND|ARM64.ActiveCfg = VulkanD|x64
		{2C0E3B6B-EDE0-4CA2-915B-B41357598295}.VULKAND|ARM64.Build.0 = VulkanD|x64
		{2C0E3B6B-EDE0-4CA2-915B-B41357598295}.VULKAND|x64.ActiveCfg = VulkanD|x64
		{2C0E3B6B-EDE0-4CA2-915B-B41357598295}.VULKAND|x64.Build.0 = VulkanD|x64
		{2C0E3B6B-EDE0-4CA2-915B-B41357598295}.VULKAND|x86.ActiveCfg = VulkanD|Win32
		{2C0E3B6B-EDE0-4CA2-915B-B41357598295}.VULKAND|x86.Build.0 = VulkanD|Win32
		{A5A862CA-E1E0-416E-8074-1A5ED8093E96}.Debug|Any CPU.ActiveCfg = Debug|x64
		{A5A862CA-E1E0-416E-8074-1A5ED8093E96}.Debug|Any CPU.Build.0 = Debug|x64
		{A5A862CA-E1E0-416E-8074-1A5ED8093E96}.Debug|ARM.ActiveCfg = Debug|x64
		{A5A862CA-E1E0-416E-8074-1A5ED8093E96}.Debug|ARM.Build.0 = Debug|x64
		{A5A862CA-E1E0-416E-8074-1A5ED8093E96}.Debug|ARM64.ActiveCfg = Debug|x64
		{A5A862CA-E1E0-416E-8074-1A5ED8093E96}.Debug|ARM64.Build.0 = Debug|x64
		{A5A862CA-E1E0-416E-8074-1A5ED8093E96}.Debug|x64.ActiveCfg = Debug|x64
		{A5A862CA-E1E0-416E-8074-1A5ED8093E96}.Debug|x64.Build.0 = Debug|x64
		{A5A862CA-E1E0-416E-8074-1A5ED8093E96}.Debug|x86.ActiveCfg = Debug|Win32
		{A5A862CA-E1E0-416E-8074-1A5ED8093E96}.Debug|x86.Build.0 = Debug|Win32
		{A5A862CA-E1E0-416E-8074-1A5ED8093E96}.DX11D|Any CPU.ActiveCfg = Debug|x64
		{A5A862CA-E1E0-416E-8074-1A5ED8093E96}.DX11D|Any CPU.Build.0 = Debug|x64
		{A5A862CA-E1E0-416E-8074-1A5ED8093E96}.DX11D|ARM.ActiveCfg = Debug|x64
		{A5A862CA-E1E0-416E-8074-1A5ED8093E96}.DX11D|ARM.Build.0 = Debug|x64
		{A5A862CA-E1E0-416E-8074-1A5ED8093E96}.DX11D|ARM64.ActiveCfg = Debug|x64
		{A5A862CA-E1E0-416E-8074-1A5ED8093E96}.DX11D|ARM64.Build.0 = Debug|x64
		{A5A862CA-E1E0-416E-8074-1A5ED8093E96}.DX11D|x64.ActiveCfg = Debug|x64
		{A5A862CA-E1E0-416E-8074-1A5ED8093E96}.DX11D|x64.Build.0 = Debug|x64
		{A5A862CA-E1E0-416E-8074-1A5ED8093E96}.DX11D|x86.ActiveCfg = Debug|Win32
		{A5A862CA-E1E0-416E-8074-1A5ED8093E96}.DX11D|x86.Build.0 = Debug|Win32
		{A5A862CA-E1E0-416E-8074-1A5ED8093E96}.DX12D|Any CPU.ActiveCfg = Debug|x64
		{A5A862CA-E1E0-416E-8074-1A5ED8093E96}.DX12D|Any CPU.Build.0 = Debug|x64
		{A5A862CA-E1E0-416E-8074-1A5ED8093E96}.DX12D|ARM.ActiveCfg = Debug|x64
		{A5A862CA-E1E0-416E-8074-1A5ED8093E96}.DX12D|ARM.Build.0 = Debug|x64
		{A5A862CA-E1E0-416E-8074-1A5ED8093E96}.DX12D|ARM64.ActiveCfg = Debug|x64
		{A5A862CA-E1E0-416E-8074-1A5ED8093E96}.DX12D|ARM64.Build.0 = Debug|x64
		{A5A862CA-E1E0-416E-8074-1A5ED8093E96}.DX12D|x64.ActiveCfg = Debug|x64
		{A5A862CA-E1E0-416E-8074-1A5ED8093E96}.DX12D|x64.Build.0 = Debug|x64
		{A5A862CA-E1E0-416E-8074-1A5ED8093E96}.DX12D|x86.ActiveCfg = Debug|Win32
		{A5A862CA-E1E0-416E-8074-1A5ED8093E96}.DX12D|x86.Build.0 = Debug|Win32
		{A5A862CA-E1E0-416E-8074-1A5ED8093E96}.Release|Any CPU.ActiveCfg = Release|x64
		{A5A862CA-E1E0-416E-8074-1A5ED8093E96}.Release|Any CPU.Build.0 = Release|x64
		{A5A862CA-E1E0-416E-8074-1A5ED8093E96}.Release|ARM.ActiveCfg = Release|x64
		{A5A862CA-E1E0-416E-8074-1A5ED8093E96}.Release|ARM.Build.0 = Release|x64
		{A5A862CA-E1E0-416E-8074-1A5ED8093E96}.Release|ARM64.ActiveCfg = Release|x64
		{A5A862CA-E1E0-416E-8074-1A5ED8093E96}.Release|ARM64.Build.0 = Release|x64
		{A5A862CA-E1E0-416E-8074-1A5ED8093E96}.Release|x64.ActiveCfg = Release|x64
		{A5A862CA-E1E0-416E-8074-1A5ED8093E96}.Release|x64.Build.0 = Release|x64
		{A5A862CA-E1E0-416E-8074-1A5ED8093E96}.Release|x86.ActiveCfg = Release|Win32
		{A5A862CA-E1E0-416E-8074-1A5ED8093E96}.Release|x86.Build.0 = Release|Win32
		{A5A862CA-E1E0-416E-8074-1A5ED8093E96}.VULKAND|Any CPU.ActiveCfg = Release|x64
		{A5A862CA-E1E0-416E-8074-1A5ED8093E96}.VULKAND|Any CPU.Build.0 = Release|x64
		{A5A862CA-E1E0-416E-8074-1A5ED8093E96}.VULKAND|ARM.ActiveCfg = Release|x64
		{A5A862CA-E1E0-416E-8074-1A5ED8093E96}.VULKAND|ARM.Build.0 = Release|x64
		{A5A862CA-E1E0-416E-8074-1A5ED8093E96}.VULKAND|ARM64.ActiveCfg = Release|x64
		{A5A862CA-E1E0-416E-8074-1A5ED8093E96}.VULKAND|ARM64.Build.0 = Release|x64
		{A5A862CA-E1E0-416E-8074-1A5ED8093E96}.VULKAND|x64.ActiveCfg = Release|x64
		{A5A862CA-E1E0-416E-8074-1A5ED8093E96}.VULKAND|x64.Build.0 = Release|x64
		{A5A862CA-E1E0-416E-8074-1A5ED8093E96}.VULKAND|x86.ActiveCfg = Release|Win32
		{A5A862CA-E1E0-416E-8074-1A5ED8093E96}.VULKAND|x86.Build.0 = Release|Win32
		{C8595729-4D20-40FE-8A94-275B847457A4}.Debug|Any CPU.ActiveCfg = Debug|x64
		{C8595729-4D20-40FE-8A94-275B847457A4}.Debug|Any CPU.Build.0 = Debug|x64
		{C8595729-4D20-40FE-8A94-275B847457A4}.Debug|Any CPU.Deploy.0 = Debug|x64
		{C8595729-4D20-40FE-8A94-275B847457A4}.Debug|ARM.ActiveCfg = Debug|x64
		{C8595729-4D20-40FE-8A94-275B847457A4}.Debug|ARM.Build.0 = Debug|x64
		{C8595729-4D20-40FE-8A94-275B847457A4}.Debug|ARM.Deploy.0 = Debug|x64
		{C8595729-4D20-40FE-8A94-275B847457A4}.Debug|ARM64.ActiveCfg = Debug|ARM64
		{C8595729-4D20-40FE-8A94-275B847457A4}.Debug|ARM64.Build.0 = Debug|ARM64
		{C8595729-4D20-40FE-8A94-275B847457A4}.Debug|ARM64.Deploy.0 = Debug|ARM64
		{C8595729-4D20-40FE-8A94-275B847457A4}.Debug|x64.ActiveCfg = Debug|x64
		{C8595729-4D20-40FE-8A94-275B847457A4}.Debug|x64.Build.0 = Debug|x64
		{C8595729-4D20-40FE-8A94-275B847457A4}.Debug|x64.Deploy.0 = Debug|x64
		{C8595729-4D20-40FE-8A94-275B847457A4}.Debug|x86.ActiveCfg = Debug|Win32
		{C8595729-4D20-40FE-8A94-275B847457A4}.Debug|x86.Build.0 = Debug|Win32
		{C8595729-4D20-40FE-8A94-275B847457A4}.Debug|x86.Deploy.0 = Debug|Win32
		{C8595729-4D20-40FE-8A94-275B847457A4}.DX11D|Any CPU.ActiveCfg = Debug|x64
		{C8595729-4D20-40FE-8A94-275B847457A4}.DX11D|Any CPU.Build.0 = Debug|x64
		{C8595729-4D20-40FE-8A94-275B847457A4}.DX11D|Any CPU.Deploy.0 = Debug|x64
		{C8595729-4D20-40FE-8A94-275B847457A4}.DX11D|ARM.ActiveCfg = Debug|x64
		{C8595729-4D20-40FE-8A94-275B847457A4}.DX11D|ARM.Build.0 = Debug|x64
		{C8595729-4D20-40FE-8A94-275B847457A4}.DX11D|ARM.Deploy.0 = Debug|x64
		{C8595729-4D20-40FE-8A94-275B847457A4}.DX11D|ARM64.ActiveCfg = Debug|ARM64
		{C8595729-4D20-40FE-8A94-275B847457A4}.DX11D|ARM64.Build.0 = Debug|ARM64
		{C8595729-4D20-40FE-8A94-275B847457A4}.DX11D|ARM64.Deploy.0 = Debug|ARM64
		{C8595729-4D20-40FE-8A94-275B847457A4}.DX11D|x64.ActiveCfg = Debug|x64
		{C8595729-4D20-40FE-8A94-275B847457A4}.DX11D|x64.Build.0 = Debug|x64
		{C8595729-4D20-40FE-8A94-275B847457A4}.DX11D|x64.Deploy.0 = Debug|x64
		{C8595729-4D20-40FE-8A94-275B847457A4}.DX11D|x86.ActiveCfg = Debug|Win32
		{C8595729-4D20-40FE-8A94-275B847457A4}.DX11D|x86.Build.0 = Debug|Win32
		{C8595729-4D20-40FE-8A94-275B847457A4}.DX11D|x86.Deploy.0 = Debug|Win32
		{C8595729-4D20-40FE-8A94-275B847457A4}.DX12D|Any CPU.ActiveCfg = Debug|x64
		{C8595729-4D20-40FE-8A94-275B847457A4}.DX12D|Any CPU.Build.0 = Debug|x64
		{C8595729-4D20-40FE-8A94-275B847457A4}.DX12D|Any CPU.Deploy.0 = Debug|x64
		{C8595729-4D20-40FE-8A94-275B847457A4}.DX12D|ARM.ActiveCfg = Debug|x64
		{C8595729-4D20-40FE-8A94-275B847457A4}.DX12D|ARM.Build.0 = Debug|x64
		{C8595729-4D20-40FE-8A94-275B847457A4}.DX12D|ARM.Deploy.0 = Debug|x64
		{C8595729-4D20-40FE-8A94-275B847457A4}.DX12D|ARM64.ActiveCfg = Debug|ARM64
		{C8595729-4D20-40FE-8A94-275B847457A4}.DX12D|ARM64.Build.0 = Debug|ARM64
		{C8595729-4D20-40FE-8A94-275B847457A4}.DX12D|ARM64.Deploy.0 = Debug|ARM64
		{C8595729-4D20-40FE-8A94-275B847457A4}.DX12D|x64.ActiveCfg = Debug|x64
		{C8595729-4D20-40FE-8A94-275B847457A4}.DX12D|x64.Build.0 = Debug|x64
		{C8595729-4D20-40FE-8A94-275B847457A4}.DX12D|x64.Deploy.0 = Debug|x64
		{C8595729-4D20-40FE-8A94-275B847457A4}.DX12D|x86.ActiveCfg = Debug|Win32
		{C8595729-4D20-40FE-8A94-275B847457A4}.DX12D|x86.Build.0 = Debug|Win32
		{C8595729-4D20-40FE-8A94-275B847457A4}.DX12D|x86.Deploy.0 = Debug|Win32
		{C8595729-4D20-40FE-8A94-275B847457A4}.Release|Any CPU.ActiveCfg = Release|x64
		{C8595729-4D20-40FE-8A94-275B847457A4}.Release|Any CPU.Build.0 = Release|x64
		{C8595729-4D20-40FE-8A94-275B847457A4}.Release|Any CPU.Deploy.0 = Release|x64
		{C8595729-4D20-40FE-8A94-275B847457A4}.Release|ARM.ActiveCfg = Release|x64
		{C8595729-4D20-40FE-8A94-275B847457A4}.Release|ARM.Build.0 = Release|x64
		{C8595729-4D20-40FE-8A94-275B847457A4}.Release|ARM.Deploy.0 = Release|x64
		{C8595729-4D20-40FE-8A94-275B847457A4}.Release|ARM64.ActiveCfg = Release|ARM64
		{C8595729-4D20-40FE-8A94-275B847457A4}.Release|ARM64.Build.0 = Release|ARM64
		{C8595729-4D20-40FE-8A94-275B847457A4}.Release|ARM64.Deploy.0 = Release|ARM64
		{C8595729-4D20-40FE-8A94-275B847457A4}.Release|x64.ActiveCfg = Release|x64
		{C8595729-4D20-40FE-8A94-275B847457A4}.Release|x64.Build.0 = Release|x64
		{C8595729-4D20-40FE-8A94-275B847457A4}.Release|x64.Deploy.0 = Release|x64
		{C8595729-4D20-40FE-8A94-275B847457A4}.Release|x86.ActiveCfg = Release|Win32
		{C8595729-4D20-40FE-8A94-275B847457A4}.Release|x86.Build.0 = Release|Win32
		{C8595729-4D20-40FE-8A94-275B847457A4}.Release|x86.Deploy.0 = Release|Win32
		{C8595729-4D20-40FE-8A94-275B847457A4}.VULKAND|Any CPU.ActiveCfg = Release|x64
		{C8595729-4D20-40FE-8A94-275B847457A4}.VULKAND|Any CPU.Build.0 = Release|x64
		{C8595729-4D20-40FE-8A94-275B847457A4}.VULKAND|Any CPU.Deploy.0 = Release|x64
		{C8595729-4D20-40FE-8A94-275B847457A4}.VULKAND|ARM.ActiveCfg = Release|x64
		{C8595729-4D20-40FE-8A94-275B847457A4}.VULKAND|ARM.Build.0 = Release|x64
		{C8595729-4D20-40FE-8A94-275B847457A4}.VULKAND|ARM.Deploy.0 = Release|x64
		{C8595729-4D20-40FE-8A94-275B847457A4}.VULKAND|ARM64.ActiveCfg = Release|ARM64
		{C8595729-4D20-40FE-8A94-275B847457A4}.VULKAND|ARM64.Build.0 = Release|ARM64
		{C8595729-4D20-40FE-8A94-275B847457A4}.VULKAND|ARM64.Deploy.0 = Release|ARM64
		{C8595729-4D20-40FE-8A94-275B847457A4}.VULKAND|x64.ActiveCfg = Release|x64
		{C8595729-4D20-40FE-8A94-275B847457A4}.VULKAND|x64.Build.0 = Release|x64
		{C8595729-4D20-40FE-8A94-275B847457A4}.VULKAND|x64.Deploy.0 = Release|x64
		{C8595729-4D20-40FE-8A94-275B847457A4}.VULKAND|x86.ActiveCfg = Release|Win32
		{C8595729-4D20-40FE-8A94-275B847457A4}.VULKAND|x86.Build.0 = Release|Win32
		{C8595729-4D20-40FE-8A94-275B847457A4}.VULKAND|x86.Deploy.0 = Release|Win32
	EndGlobalSection
	GlobalSection(SolutionProperties) = preSolution
		HideSolutionNode = FALSE
	EndGlobalSection
	GlobalSection(ExtensibilityGlobals) = postSolution
		SolutionGuid = {B0ACFE28-B3A5-4334-9F05-AEA27C939DE8}
	EndGlobalSection
EndGlobal
