<?xml version="1.0" encoding="utf-8"?>
<Project ToolsVersion="4.0" xmlns="http://schemas.microsoft.com/developer/msbuild/2003">
  <ItemGroup>
    <Filter Include="Resource Files">
      <UniqueIdentifier>{67DA6AB6-F800-4c08-8B7A-83BB121AAD01}</UniqueIdentifier>
      <Extensions>rc;ico;cur;bmp;dlg;rc2;rct;bin;rgs;gif;jpg;jpeg;jpe;resx;tiff;tif;png;wav;mfcribbon-ms</Extensions>
    </Filter>
  </ItemGroup>
  <ItemGroup>
    <ClInclude Include="EngineCore.h" />
    <ClInclude Include="pch.h" />
    <ClInclude Include="framework.h" />
    <ClInclude Include="World\Actor\ActorManager\ActorManager.h" />
    <ClInclude Include="World\Actor\SpriteActor\Sprite.h" />
    <ClInclude Include="World\Actor\StaticMesh\StaticMesh.h" />
    <ClInclude Include="World\Actor\Actor.h" />
    <ClInclude Include="World\Actor\PropertyActor.h" />
    <ClInclude Include="Component\CameraComponent\CameraComponent.h" />
    <ClInclude Include="Component\ComponentBase\ComponentBase.h" />
    <ClInclude Include="Component\SpriteComponent\SpriteComponent.h" />
    <ClInclude Include="Component\StaticMeshComponent\StaticMeshComponent.h" />
    <ClInclude Include="Component\ComponentLinker.h" />
    <ClInclude Include="Component\ComponentTypes.h" />
    <ClInclude Include="Component\EngineProperty.h" />
    <ClInclude Include="World\Level.h" />
    <ClInclude Include="World\World.h" />
    <ClInclude Include="Renderer\DeferredShadingRenderer.h" />
    <ClInclude Include="Common\Math\TransformGroup.h" />
    <ClInclude Include="Renderer\Resource\DeviceResources.h" />
    <ClInclude Include="Common\EngineBaseHeader.h" />
    <ClInclude Include="Common\EngineCommonHeader.h" />
    <ClInclude Include="Common\EngineHelper.h" />
    <ClInclude Include="Common\EngineMath.h" />
    <ClInclude Include="Common\Path.h" />
    <ClInclude Include="Common\pImplClassDefine.h" />
    <ClInclude Include="Common\RuntimeContext.h" />
    <ClInclude Include="Common\StepTimer.h" />
    <ClInclude Include="Common\Uncopyable.h" />
    <ClInclude Include="EngineAsset\Material.h" />
    <ClInclude Include="EngineAsset\Texture.h" />
    <ClInclude Include="DLLDefine.h" />
    <ClInclude Include="Common\EngineEnums.h" />
    <ClInclude Include="EngineHeader_Used_Application.h" />
    <ClInclude Include="System\InputManager.h" />
    <ClInclude Include="System\KeyboardState.h" />
    <ClInclude Include="System\MouseState.h" />
    <ClInclude Include="Component\Property\PropertyBase.h" />
    <ClInclude Include="EngineCoreBuild.h" />
    <ClInclude Include="World\Actor\DefaultActor.h" />
    <ClInclude Include="World\Actor\Camera\Camera.h" />
    <ClInclude Include="Renderer\Resource\ConstantBuffer.h" />
    <ClInclude Include="Renderer\Resource\GraphicsLibraryResource.h" />
    <ClInclude Include="Renderer\MeshProcessor.h" />
    <ClInclude Include="EngineAsset\ModelAsset.h" />
    <ClInclude Include="Common\Utility.h" />
    <ClInclude Include="Animation\AnimEvaluator.h" />
    <ClInclude Include="Animation\SceneAnimator.h" />
    <ClInclude Include="Renderer\Resource\RenderStates.h" />
    <ClInclude Include="Renderer\Shader\ShaderObjectManager.h" />
    <ClInclude Include="Renderer\Shader\ShaderObject.h" />
    <ClInclude Include="Renderer\Shader\DefaultShader.h" />
    <ClInclude Include="Renderer\Resource\RHIresource.h" />
    <ClInclude Include="Renderer\RenderThread.h" />
    <ClInclude Include="GameThread.h" />
    <ClInclude Include="Animation\AnimationThread.h" />
    <ClInclude Include="PhysicsThread.h" />
    <ClInclude Include="Common\AsyncWorker.h" />
    <ClInclude Include="Renderer\Scene.h" />
    <ClInclude Include="Renderer\PrimitiveInfo.h" />
    <ClInclude Include="Renderer\RendererBaseHeader.h" />
    <ClInclude Include="Renderer\Resource\DX11DeviceResources.h" />
    <ClInclude Include="Renderer\Resource\RenderResource.h" />
    <ClInclude Include="Renderer\Resource\DeviceContext.h" />
  </ItemGroup>
  <ItemGroup>
    <ClCompile Include="EngineCore.cpp" />
    <ClCompile Include="dllmain.cpp" />
    <ClCompile Include="pch.cpp" />
    <ClCompile Include="World\Actor\ActorManager\ActorManager.cpp" />
    <ClCompile Include="World\Actor\SpriteActor\Sprite.cpp" />
    <ClCompile Include="World\Actor\StaticMesh\StaticMesh.cpp" />
    <ClCompile Include="World\Actor\Actor.cpp" />
    <ClCompile Include="Component\CameraComponent\CameraComponent.cpp" />
    <ClCompile Include="Component\ComponentBase\ComponentBase.cpp" />
    <ClCompile Include="Component\SpriteComponent\SpriteComponent.cpp" />
    <ClCompile Include="Component\StaticMeshComponent\StaticMeshComponent.cpp" />
    <ClCompile Include="Component\ComponentLinker.cpp" />
    <ClCompile Include="World\Level.cpp" />
    <ClCompile Include="World\World.cpp" />
    <ClCompile Include="Renderer\DeferredShadingRenderer.cpp" />
    <ClCompile Include="Common\Math\TransformGroup.cpp" />
    <ClCompile Include="Renderer\Resource\DeviceResources.cpp" />
    <ClCompile Include="Common\Path.cpp" />
    <ClCompile Include="Common\RuntimeContext.cpp" />
    <ClCompile Include="EngineAsset\Material.cpp" />
    <ClCompile Include="EngineAsset\Texture.cpp" />
    <ClCompile Include="System\InputManager.cpp" />
    <ClCompile Include="System\KeyboardState.cpp" />
    <ClCompile Include="System\MouseState.cpp" />
    <ClCompile Include="World\Actor\DefaultActor.cpp" />
    <ClCompile Include="World\Actor\Camera\Camera.cpp" />
    <ClCompile Include="Renderer\Resource\ConstantBuffer.cpp" />
    <ClCompile Include="Renderer\Resource\GraphicsLibraryResource.cpp" />
    <ClCompile Include="EngineAsset\ModelAsset.cpp" />
    <ClCompile Include="Renderer\MeshProcessor.cpp" />
    <ClCompile Include="Animation\AnimEvaluator.cpp" />
    <ClCompile Include="Animation\SceneAnimator.cpp" />
    <ClCompile Include="Renderer\Resource\RenderStaes.cpp" />
    <ClCompile Include="Renderer\Shader\ShaderObject.cpp" />
    <ClCompile Include="Renderer\Shader\ShaderObjectManager.cpp" />
    <ClCompile Include="Renderer\Resource\RHIResource.cpp" />
    <ClCompile Include="Renderer\Scene.cpp" />
    <ClCompile Include="GameThread.cpp" />
    <ClCompile Include="Renderer\RenderThread.cpp" />
    <ClCompile Include="Renderer\Resource\RenderResource.cpp" />
    <ClCompile Include="Renderer\Resource\DX11DeviceResources.cpp" />
    <ClCompile Include="Renderer\Resource\DeviceContext.cpp" />
  </ItemGroup>
  <ItemGroup>
    <None Include="packages.config" />
    <None Include="cpp.hint" />
  </ItemGroup>
  <ItemGroup>
    <Natvis Include="$(MSBuildThisFileDirectory)..\..\natvis\wil.natvis" />
  </ItemGroup>
</Project>