<?xml version="1.0" encoding="utf-8"?>
<Project ToolsVersion="4.0" xmlns="http://schemas.microsoft.com/developer/msbuild/2003">
  <ItemGroup>
    <Filter Include="Resource Files">
      <UniqueIdentifier>{67DA6AB6-F800-4c08-8B7A-83BB121AAD01}</UniqueIdentifier>
      <Extensions>rc;ico;cur;bmp;dlg;rc2;rct;bin;rgs;gif;jpg;jpeg;jpe;resx;tiff;tif;png;wav;mfcribbon-ms</Extensions>
    </Filter>
  </ItemGroup>
  <ItemGroup>
    <ClInclude Include="EngineCore.h" />
    <ClInclude Include="pch.h" />
    <ClInclude Include="framework.h" />
    <ClInclude Include="Level\Actor\ActorManager\ActorManager.h" />
    <ClInclude Include="Level\Actor\SpriteActor\Sprite.h" />
    <ClInclude Include="Level\Actor\StaticMesh\StaticMesh.h" />
    <ClInclude Include="Level\Actor\Actor.h" />
    <ClInclude Include="Level\Actor\PropertyActor.h" />
    <ClInclude Include="Level\Component\CameraComponent\CameraComponent.h" />
    <ClInclude Include="Level\Component\ComponentBase\ComponentBase.h" />
    <ClInclude Include="Level\Component\SpriteComponent\SpriteComponent.h" />
    <ClInclude Include="Level\Component\StaticMeshComponent\StaticMeshComponent.h" />
    <ClInclude Include="Level\Component\ComponentLinker.h" />
    <ClInclude Include="Level\Component\ComponentTypes.h" />
    <ClInclude Include="Level\Component\EngineProperty.h" />
    <ClInclude Include="Level\Level.h" />
    <ClInclude Include="Level\World.h" />
    <ClInclude Include="Renderer\LevelRenderer.h" />
    <ClInclude Include="Common\Math\TransformGroup.h" />
    <ClInclude Include="Common\Math\TransformGroupImpl.h" />
    <ClInclude Include="Common\Types\Math\Color.h" />
    <ClInclude Include="Common\Types\Math\Matrix3x3.h" />
    <ClInclude Include="Common\Types\Math\Matrix4x4.h" />
    <ClInclude Include="Common\Types\Math\plane.h" />
    <ClInclude Include="Common\Types\Math\Quaternion.h" />
    <ClInclude Include="Common\Types\Math\Vector2.h" />
    <ClInclude Include="Common\Types\Math\Vector3.h" />
    <ClInclude Include="Common\DeviceResources.h" />
    <ClInclude Include="Common\Engine_Scoped_Lock.h" />
    <ClInclude Include="Common\EngineBaseHeader.h" />
    <ClInclude Include="Common\EngineCommonHeader.h" />
    <ClInclude Include="Common\EngineCriticalSection.h" />
    <ClInclude Include="Common\EngineHelper.h" />
    <ClInclude Include="Common\EngineMath.h" />
    <ClInclude Include="Common\Path.h" />
    <ClInclude Include="Common\pImplClassDefine.h" />
    <ClInclude Include="Common\RuntimeContext.h" />
    <ClInclude Include="Common\StepTimer.h" />
    <ClInclude Include="Common\Uncopyable.h" />
    <ClInclude Include="EngineAsset\Material.h" />
    <ClInclude Include="EngineAsset\Texture.h" />
    <ClInclude Include="DLLDefine.h" />
  </ItemGroup>
  <ItemGroup>
    <ClCompile Include="EngineCore.cpp" />
    <ClCompile Include="dllmain.cpp" />
    <ClCompile Include="pch.cpp" />
    <ClCompile Include="Level\Actor\ActorManager\ActorManager.cpp" />
    <ClCompile Include="Level\Actor\SpriteActor\Sprite.cpp" />
    <ClCompile Include="Level\Actor\StaticMesh\StaticMesh.cpp" />
    <ClCompile Include="Level\Actor\Actor.cpp" />
    <ClCompile Include="Level\Component\CameraComponent\CameraComponent.cpp" />
    <ClCompile Include="Level\Component\ComponentBase\ComponentBase.cpp" />
    <ClCompile Include="Level\Component\SpriteComponent\SpriteComponent.cpp" />
    <ClCompile Include="Level\Component\StaticMeshComponent\StaticMeshComponent.cpp" />
    <ClCompile Include="Level\Component\ComponentLinker.cpp" />
    <ClCompile Include="Level\Level.cpp" />
    <ClCompile Include="Level\World.cpp" />
    <ClCompile Include="Renderer\LevelRenderer.cpp" />
    <ClCompile Include="Common\Math\TransformGroup.cpp" />
    <ClCompile Include="Common\Math\TransformGroupImpl.cpp" />
    <ClCompile Include="Common\DeviceResource.cpp" />
    <ClCompile Include="Common\Engine_Scoped_Lock.cpp" />
    <ClCompile Include="Common\EngineCriticalSection.cpp" />
    <ClCompile Include="Common\Path.cpp" />
    <ClCompile Include="Common\RuntimeContext.cpp" />
    <ClCompile Include="EngineAsset\Material.cpp" />
    <ClCompile Include="EngineAsset\Texture.cpp" />
  </ItemGroup>
  <ItemGroup>
    <None Include="packages.config" />
  </ItemGroup>
</Project>