<?xml version="1.0" encoding="utf-8"?>
<Project ToolsVersion="4.0" xmlns="http://schemas.microsoft.com/developer/msbuild/2003">
  <ItemGroup>
    <ApplicationDefinition Include="App.xaml" />
  </ItemGroup>
  <ItemGroup>
    <Page Include="MainWindow.xaml" />
  </ItemGroup>
  <ItemGroup>
    <Midl Include="App.idl" />
    <Midl Include="MainWindow.idl" />
    <Midl Include="WorldInfoViewModel\WorldInfoViewModel.idl">
      <Filter>WorldInfoViewModel</Filter>
    </Midl>
  </ItemGroup>
  <ItemGroup>
    <ClCompile Include="pch.cpp" />
    <ClCompile Include="$(GeneratedFilesDir)module.g.cpp" />
    <ClCompile Include="WorldInfoViewModel\ActorLabel.cpp">
      <Filter>WorldInfoViewModel</Filter>
    </ClCompile>
    <ClCompile Include="WorldInfoViewModel\ComponentInfo.cpp">
      <Filter>WorldInfoViewModel</Filter>
    </ClCompile>
    <ClCompile Include="WorldInfoViewModel\WorldInfoViewModel.cpp">
      <Filter>WorldInfoViewModel</Filter>
    </ClCompile>
    <ClCompile Include="WorldInfoViewModel\RenderingProperty.cpp">
      <Filter>WorldInfoViewModel</Filter>
    </ClCompile>
    <ClCompile Include="WorldInfoViewModel\StaticMeshProperty.cpp">
      <Filter>WorldInfoViewModel</Filter>
    </ClCompile>
    <ClCompile Include="WorldInfoViewModel\TransformProperty.cpp">
      <Filter>WorldInfoViewModel</Filter>
    </ClCompile>
    <ClCompile Include="WorldInfoViewModel\ActorDetail.cpp">
      <Filter>WorldInfoViewModel</Filter>
    </ClCompile>
    <ClCompile Include="WorldInfoViewModel\Vector3Single.cpp">
      <Filter>WorldInfoViewModel</Filter>
    </ClCompile>
    <ClCompile Include="WorldInfoViewModel\PropertyBase.cpp">
      <Filter>WorldInfoViewModel</Filter>
    </ClCompile>
    <ClCompile Include="WorldInfoViewModel\ValueChangedCallbackObject.cpp">
      <Filter>WorldInfoViewModel</Filter>
    </ClCompile>
    <ClCompile Include="WorldInfoViewModel\ObservableObject.cpp">
      <Filter>WorldInfoViewModel</Filter>
    </ClCompile>
  </ItemGroup>
  <ItemGroup>
    <ClInclude Include="pch.h" />
    <ClInclude Include="WorldInfoViewModel\ActorLabel.h">
      <Filter>WorldInfoViewModel</Filter>
    </ClInclude>
    <ClInclude Include="WorldInfoViewModel\ComponentInfo.h">
      <Filter>WorldInfoViewModel</Filter>
    </ClInclude>
    <ClInclude Include="WorldInfoViewModel\WorldInfoViewModel.h">
      <Filter>WorldInfoViewModel</Filter>
    </ClInclude>
    <ClInclude Include="WorldInfoViewModel\RenderingProperty.h">
      <Filter>WorldInfoViewModel</Filter>
    </ClInclude>
    <ClInclude Include="WorldInfoViewModel\StaticMeshProperty.h">
      <Filter>WorldInfoViewModel</Filter>
    </ClInclude>
    <ClInclude Include="WorldInfoViewModel\TransformProperty.h">
      <Filter>WorldInfoViewModel</Filter>
    </ClInclude>
    <ClInclude Include="WorldInfoViewModel\ActorDetail.h">
      <Filter>WorldInfoViewModel</Filter>
    </ClInclude>
    <ClInclude Include="WorldInfoViewModel\Vector3Single.h">
      <Filter>WorldInfoViewModel</Filter>
    </ClInclude>
    <ClInclude Include="WorldInfoViewModel\PropertyBase.h">
      <Filter>WorldInfoViewModel</Filter>
    </ClInclude>
    <ClInclude Include="WorldInfoViewModel\ValueChangedCallbackObject.h">
      <Filter>WorldInfoViewModel</Filter>
    </ClInclude>
    <ClInclude Include="WorldInfoViewModel\ObservableObject.h">
      <Filter>WorldInfoViewModel</Filter>
    </ClInclude>
  </ItemGroup>
  <ItemGroup>
    <Image Include="Assets\Wide310x150Logo.scale-200.png">
      <Filter>Assets</Filter>
    </Image>
    <Image Include="Assets\StoreLogo.png">
      <Filter>Assets</Filter>
    </Image>
    <Image Include="Assets\Square150x150Logo.scale-200.png">
      <Filter>Assets</Filter>
    </Image>
    <Image Include="Assets\Square44x44Logo.targetsize-24_altform-unplated.png">
      <Filter>Assets</Filter>
    </Image>
    <Image Include="Assets\Square44x44Logo.scale-200.png">
      <Filter>Assets</Filter>
    </Image>
    <Image Include="Assets\SplashScreen.scale-200.png">
      <Filter>Assets</Filter>
    </Image>
    <Image Include="Assets\LockScreenLogo.scale-200.png">
      <Filter>Assets</Filter>
    </Image>
  </ItemGroup>
  <ItemGroup>
    <Filter Include="Assets">
      <UniqueIdentifier>{c8595729-4d20-40fe-8a94-275b847457a4}</UniqueIdentifier>
    </Filter>
    <Filter Include="WorldInfoViewModel">
      <UniqueIdentifier>{fc5c6016-5627-44aa-9512-c1b7763157cb}</UniqueIdentifier>
    </Filter>
  </ItemGroup>
  <ItemGroup>
    <Text Include="readme.txt" />
  </ItemGroup>
  <ItemGroup>
    <Manifest Include="app.manifest" />
  </ItemGroup>
  <ItemGroup>
    <AppxManifest Include="Package.appxmanifest" />
  </ItemGroup>
  <ItemGroup>
    <None Include="packages.config" />
  </ItemGroup>
  <ItemGroup>
    <Natvis Include="$(MSBuildThisFileDirectory)..\..\natvis\wil.natvis" />
  </ItemGroup>
</Project>