<?xml version="1.0" encoding="utf-8"?>
<Project ToolsVersion="15.0" xmlns="http://schemas.microsoft.com/developer/msbuild/2003">
  <ItemGroup>
    <Filter Include="Resources">
      <UniqueIdentifier>accd3aa8-1ba0-4223-9bbe-0c431709210b</UniqueIdentifier>
      <Extensions>rc;ico;cur;bmp;dlg;rc2;rct;bin;rgs;gif;jpg;jpeg;jpe;resx;tga;tiff;tif;png;wav;mfcribbon-ms</Extensions>
    </Filter>
    <Filter Include="Generated Files">
      <UniqueIdentifier>{926ab91d-31b4-48c3-b9a4-e681349f27f0}</UniqueIdentifier>
    </Filter>
    <Filter Include="Common">
      <UniqueIdentifier>{77082587-1559-4541-b4c4-f8d95f04cccd}</UniqueIdentifier>
    </Filter>
    <Filter Include="Level">
      <UniqueIdentifier>{451b7d55-1e71-42d8-8a4e-f40615f54b0f}</UniqueIdentifier>
    </Filter>
    <Filter Include="Level\Actor">
      <UniqueIdentifier>{f5b3b08c-3273-4ea6-810c-9876dabbe408}</UniqueIdentifier>
    </Filter>
    <Filter Include="Component">
      <UniqueIdentifier>{a5d85d21-5850-47f8-b4f2-0a9f8ded0ceb}</UniqueIdentifier>
    </Filter>
    <Filter Include="Renderer">
      <UniqueIdentifier>{15977910-3e75-4e76-b8ee-ce5ef6abbe08}</UniqueIdentifier>
    </Filter>
  </ItemGroup>
  <ItemGroup>
    <ClCompile Include="$(GeneratedFilesDir)module.g.cpp" />
    <ClCompile Include="pch.cpp" />
    <ClCompile Include="EngineInterface.cpp" />
    <ClCompile Include="UIProxy\ActorComponentProxy.cpp" />
    <ClCompile Include="UIProxy\ActorProxy.cpp" />
    <ClCompile Include="UIProxy\ComponentPropertyProxy.cpp" />
    <ClCompile Include="PointerActionResult.cpp" />
    <ClCompile Include="UIProxy\ActorProxyProcessor.cpp" />
  </ItemGroup>
  <ItemGroup>
    <ClInclude Include="Level\Actor\ActorManager.h">
      <Filter>Level\Actor</Filter>
    </ClInclude>
    <ClInclude Include="pch.h" />
    <ClInclude Include="EngineInterface.h" />
    <ClInclude Include="UIProxy\ActorComponentProxy.h" />
    <ClInclude Include="UIProxy\ActorProxy.h" />
    <ClInclude Include="UIProxy\ComponentPropertyProxy.h" />
    <ClInclude Include="PointerActionResult.h" />
    <ClInclude Include="UIProxy\ActorProxyProcessor.h" />
  </ItemGroup>
  <ItemGroup>
    <None Include="packages.config" />
    <None Include="cpp.hint" />
  </ItemGroup>
  <ItemGroup>
    <None Include="PropertySheet.props" />
  </ItemGroup>
  <ItemGroup>
    <Text Include="readme.txt" />
  </ItemGroup>
  <ItemGroup>
    <Natvis Include="$(MSBuildThisFileDirectory)..\..\natvis\wil.natvis" />
  </ItemGroup>
  <ItemGroup>
    <Midl Include="EngineInterface.idl" />
    <Midl Include="UIProxy\ActorProxy.idl" />
  </ItemGroup>
</Project>